
Microsoft Visual Studio Solution File, Format Version 11.00
# Visual Studio 2010
Project("{8BC9CEB8-8B4A-11D0-8D11-00A0C91BC942}") = "02.shuzu", "02.shuzu\02.shuzu.vcxproj", "{CB6F5731-9900-4BC7-AE9C-22A0C411AE7B}"
EndProject
Global
	GlobalSection(SolutionConfigurationPlatforms) = preSolution
		Debug|Win32 = Debug|Win32
		Release|Win32 = Release|Win32
	EndGlobalSection
	GlobalSection(ProjectConfigurationPlatforms) = postSolution
		{CB6F5731-9900-4BC7-AE9C-22A0C411AE7B}.Debug|Win32.ActiveCfg = Debug|Win32
		{CB6F5731-9900-4BC7-AE9C-22A0C411AE7B}.Debug|Win32.Build.0 = Debug|Win32
		{CB6F5731-9900-4BC7-AE9C-22A0C411AE7B}.Release|Win32.ActiveCfg = Release|Win32
		{CB6F5731-9900-4BC7-AE9C-22A0C411AE7B}.Release|Win32.Build.0 = Release|Win32
	EndGlobalSection
	GlobalSection(SolutionProperties) = preSolution
		HideSolutionNode = FALSE
	EndGlobalSection
EndGlobal
